{
  "name": "loading-cli",
  "version": "1.0.7",
  "lockfileVersion": 1,
  "requires": true,
  "dependencies": {
    "colors-cli": {
      "version": "1.0.14",
      "resolved": "https://registry.npmjs.org/colors-cli/-/colors-cli-1.0.14.tgz",
      "integrity": "sha512-bBrBop8mA5C74Jm2nYaBnBe7UR50aqUYGdthh5rBV4/XyMsNIuI/ciiv18cFq2dLQtXWXflkrfa9LN3LwBN+gw=="
    }
  }
}
