{
  "name": "loading-cli",
  "version": "1.0.8",
  "lockfileVersion": 1,
  "requires": true,
  "dependencies": {
    "colors-cli": {
      "version": "1.0.26",
      "resolved": "https://registry.npmjs.org/colors-cli/-/colors-cli-1.0.26.tgz",
      "integrity": "sha512-yCz3ZQfOMvPKfa58jpe6PqKhCbr8v8EwLgUnYqcXprmZGruC0Ht2fcvUIFUbkG8sGXFi7uunE493UHXhvOokqQ=="
    }
  }
}
