{
  "name": "loading-cli",
  "version": "1.1.0",
  "lockfileVersion": 1,
  "requires": true,
  "dependencies": {
    "colors-cli": {
      "version": "1.0.32",
      "resolved": "https://registry.npmjs.org/colors-cli/-/colors-cli-1.0.32.tgz",
      "integrity": "sha512-zHMwyBeZ1PEo1sm11JA2SFw5/+5AB0aRBmQZbO8qOZ0bCeDEpoJDe+UZbG/oICiQ9/m6vLBd/3GASAP9GfSkwA=="
    }
  }
}
